
Microsoft Visual Studio Solution File, Format Version 12.00
# Visual Studio Version 16
VisualStudioVersion = 16.0.29409.12
MinimumVisualStudioVersion = 10.0.40219.1
Project("{8BC9CEB8-8B4A-11D0-8D11-00A0C91BC942}") = "Macro Recorder", "Macro Recorder\Macro Recorder.vcxproj", "{10B629DE-0578-41CF-9E4C-478C6AFE18FE}"
EndProject
Global
	GlobalSection(SolutionConfigurationPlatforms) = preSolution
		Debug|x64 = Debug|x64
		Debug|x86 = Debug|x86
		Release|x64 = Release|x64
		Release|x86 = Release|x86
	EndGlobalSection
	GlobalSection(ProjectConfigurationPlatforms) = postSolution
		{10B629DE-0578-41CF-9E4C-478C6AFE18FE}.Debug|x64.ActiveCfg = Debug|x64
		{10B629DE-0578-41CF-9E4C-478C6AFE18FE}.Debug|x64.Build.0 = Debug|x64
		{10B629DE-0578-41CF-9E4C-478C6AFE18FE}.Debug|x86.ActiveCfg = Debug|Win32
		{10B629DE-0578-41CF-9E4C-478C6AFE18FE}.Debug|x86.Build.0 = Debug|Win32
		{10B629DE-0578-41CF-9E4C-478C6AFE18FE}.Release|x64.ActiveCfg = Release|x64
		{10B629DE-0578-41CF-9E4C-478C6AFE18FE}.Release|x64.Build.0 = Release|x64
		{10B629DE-0578-41CF-9E4C-478C6AFE18FE}.Release|x86.ActiveCfg = Release|Win32
		{10B629DE-0578-41CF-9E4C-478C6AFE18FE}.Release|x86.Build.0 = Release|Win32
	EndGlobalSection
	GlobalSection(SolutionProperties) = preSolution
		HideSolutionNode = FALSE
	EndGlobalSection
	GlobalSection(ExtensibilityGlobals) = postSolution
		SolutionGuid = {BE1911C2-B154-45DE-BE6D-B44AB0DB027D}
	EndGlobalSection
EndGlobal
